
Microsoft Visual Studio Solution File, Format Version 12.00
# Visual Studio 15
VisualStudioVersion = 15.0.27703.2026
MinimumVisualStudioVersion = 10.0.40219.1
Project("{FAE04EC0-301F-11D3-BF4B-00C04F79EFBC}") = "1_TyptyGeneryczne", "1_TyptyGeneryczne\1_TyptyGeneryczne.csproj", "{97AABD5C-E2BA-4D55-9028-8E42B98344B5}"
EndProject
Global
	GlobalSection(SolutionConfigurationPlatforms) = preSolution
		Debug|Any CPU = Debug|Any CPU
		Release|Any CPU = Release|Any CPU
	EndGlobalSection
	GlobalSection(ProjectConfigurationPlatforms) = postSolution
		{97AABD5C-E2BA-4D55-9028-8E42B98344B5}.Debug|Any CPU.ActiveCfg = Debug|Any CPU
		{97AABD5C-E2BA-4D55-9028-8E42B98344B5}.Debug|Any CPU.Build.0 = Debug|Any CPU
		{97AABD5C-E2BA-4D55-9028-8E42B98344B5}.Release|Any CPU.ActiveCfg = Release|Any CPU
		{97AABD5C-E2BA-4D55-9028-8E42B98344B5}.Release|Any CPU.Build.0 = Release|Any CPU
	EndGlobalSection
	GlobalSection(SolutionProperties) = preSolution
		HideSolutionNode = FALSE
	EndGlobalSection
	GlobalSection(ExtensibilityGlobals) = postSolution
		SolutionGuid = {24CFA79D-899C-458E-9E92-184CB531793B}
	EndGlobalSection
EndGlobal
